
Microsoft Visual Studio Solution File, Format Version 11.00
# Visual Studio 2010
Project("{FAE04EC0-301F-11D3-BF4B-00C04F79EFBC}") = "DBEssentials", "DBEssentials\DBEssentials.csproj", "{228C174B-2FC0-48A9-85B8-CC9A830C64F4}"
EndProject
Global
	GlobalSection(SolutionConfigurationPlatforms) = preSolution
		Debug|Any CPU = Debug|Any CPU
		Release|Any CPU = Release|Any CPU
	EndGlobalSection
	GlobalSection(ProjectConfigurationPlatforms) = postSolution
		{228C174B-2FC0-48A9-85B8-CC9A830C64F4}.Debug|Any CPU.ActiveCfg = Debug|Any CPU
		{228C174B-2FC0-48A9-85B8-CC9A830C64F4}.Debug|Any CPU.Build.0 = Debug|Any CPU
		{228C174B-2FC0-48A9-85B8-CC9A830C64F4}.Release|Any CPU.ActiveCfg = Release|Any CPU
		{228C174B-2FC0-48A9-85B8-CC9A830C64F4}.Release|Any CPU.Build.0 = Release|Any CPU
	EndGlobalSection
	GlobalSection(MonoDevelopProperties) = preSolution
		StartupItem = DBEssentials\DBEssentials.csproj
	EndGlobalSection
EndGlobal
